// !$*UTF8*$!
{
	archiveVersion = 1;
	classes = {
	};
	objectVersion = 56;
	objects = {

/* Begin PBXBuildFile section */
		000000000000000000000001 /* TempoApp.swift in Sources */ = {isa = PBXBuildFile; fileRef = 100000000000000000000001 /* TempoApp.swift */; };
		000000000000000000000002 /* ContentView.swift in Sources */ = {isa = PBXBuildFile; fileRef = 100000000000000000000002 /* ContentView.swift */; };
		000000000000000000000003 /* TaskCategory.swift in Sources */ = {isa = PBXBuildFile; fileRef = 100000000000000000000003 /* TaskCategory.swift */; };
		000000000000000000000004 /* ScheduleItem.swift in Sources */ = {isa = PBXBuildFile; fileRef = 100000000000000000000004 /* ScheduleItem.swift */; };
		000000000000000000000005 /* Change.swift in Sources */ = {isa = PBXBuildFile; fileRef = 100000000000000000000005 /* Change.swift */; };
		000000000000000000000006 /* ReshuffleResult.swift in Sources */ = {isa = PBXBuildFile; fileRef = 100000000000000000000006 /* ReshuffleResult.swift */; };
		000000000000000000000007 /* EveningDecision.swift in Sources */ = {isa = PBXBuildFile; fileRef = 100000000000000000000007 /* EveningDecision.swift */; };
		000000000000000000000008 /* Constants.swift in Sources */ = {isa = PBXBuildFile; fileRef = 100000000000000000000008 /* Constants.swift */; };
		000000000000000000000009 /* DateExtensions.swift in Sources */ = {isa = PBXBuildFile; fileRef = 100000000000000000000009 /* DateExtensions.swift */; };
		000000000000000000000010 /* TimeCalculations.swift in Sources */ = {isa = PBXBuildFile; fileRef = 100000000000000000000010 /* TimeCalculations.swift */; };
		000000000000000000000011 /* ScheduleRepository.swift in Sources */ = {isa = PBXBuildFile; fileRef = 100000000000000000000011 /* ScheduleRepository.swift */; };
		000000000000000000000012 /* SwiftDataScheduleRepository.swift in Sources */ = {isa = PBXBuildFile; fileRef = 100000000000000000000012 /* SwiftDataScheduleRepository.swift */; };
		000000000000000000000013 /* CategoryProcessor.swift in Sources */ = {isa = PBXBuildFile; fileRef = 100000000000000000000013 /* CategoryProcessor.swift */; };
		000000000000000000000014 /* NonNegotiableProcessor.swift in Sources */ = {isa = PBXBuildFile; fileRef = 100000000000000000000014 /* NonNegotiableProcessor.swift */; };
		000000000000000000000015 /* IdentityHabitProcessor.swift in Sources */ = {isa = PBXBuildFile; fileRef = 100000000000000000000015 /* IdentityHabitProcessor.swift */; };
		000000000000000000000016 /* FlexibleTaskProcessor.swift in Sources */ = {isa = PBXBuildFile; fileRef = 100000000000000000000016 /* FlexibleTaskProcessor.swift */; };
		000000000000000000000017 /* OptionalGoalProcessor.swift in Sources */ = {isa = PBXBuildFile; fileRef = 100000000000000000000017 /* OptionalGoalProcessor.swift */; };
		000000000000000000000018 /* OverflowDetector.swift in Sources */ = {isa = PBXBuildFile; fileRef = 100000000000000000000018 /* OverflowDetector.swift */; };
		000000000000000000000019 /* ReshuffleEngine.swift in Sources */ = {isa = PBXBuildFile; fileRef = 100000000000000000000019 /* ReshuffleEngine.swift */; };
		000000000000000000000020 /* EveningProtectionAnalyzer.swift in Sources */ = {isa = PBXBuildFile; fileRef = 100000000000000000000020 /* EveningProtectionAnalyzer.swift */; };
		000000000000000000000021 /* SummaryGenerator.swift in Sources */ = {isa = PBXBuildFile; fileRef = 100000000000000000000021 /* SummaryGenerator.swift */; };
		000000000000000000000022 /* CategoryBadge.swift in Sources */ = {isa = PBXBuildFile; fileRef = 100000000000000000000022 /* CategoryBadge.swift */; };
		000000000000000000000023 /* ConfirmationSheet.swift in Sources */ = {isa = PBXBuildFile; fileRef = 100000000000000000000023 /* ConfirmationSheet.swift */; };
		000000000000000000000026 /* ScheduleView.swift in Sources */ = {isa = PBXBuildFile; fileRef = 100000000000000000000026 /* ScheduleView.swift */; };
		000000000000000000000027 /* CategoryPicker.swift in Sources */ = {isa = PBXBuildFile; fileRef = 100000000000000000000027 /* CategoryPicker.swift */; };
		000000000000000000000028 /* TaskEditView.swift in Sources */ = {isa = PBXBuildFile; fileRef = 100000000000000000000028 /* TaskEditView.swift */; };
		000000000000000000000029 /* ChangeRowView.swift in Sources */ = {isa = PBXBuildFile; fileRef = 100000000000000000000029 /* ChangeRowView.swift */; };
		000000000000000000000030 /* ReshuffleProposalView.swift in Sources */ = {isa = PBXBuildFile; fileRef = 100000000000000000000030 /* ReshuffleProposalView.swift */; };
		000000000000000000000031 /* ScheduleViewModel.swift in Sources */ = {isa = PBXBuildFile; fileRef = 100000000000000000000031 /* ScheduleViewModel.swift */; };
		000000000000000000000032 /* ReshuffleViewModel.swift in Sources */ = {isa = PBXBuildFile; fileRef = 100000000000000000000032 /* ReshuffleViewModel.swift */; };
		000000000000000000000033 /* TaskEditViewModel.swift in Sources */ = {isa = PBXBuildFile; fileRef = 100000000000000000000033 /* TaskEditViewModel.swift */; };
		000000000000000000000034 /* Assets.xcassets in Resources */ = {isa = PBXBuildFile; fileRef = 100000000000000000000034 /* Assets.xcassets */; };
		000000000000000000000035 /* Preview Assets.xcassets in Resources */ = {isa = PBXBuildFile; fileRef = 100000000000000000000035 /* Preview Assets.xcassets */; };
		000000000000000000000036 /* SleepManager.swift in Sources */ = {isa = PBXBuildFile; fileRef = 100000000000000000000036 /* SleepManager.swift */; };
		000000000000000000000037 /* SleepSettingsView.swift in Sources */ = {isa = PBXBuildFile; fileRef = 100000000000000000000037 /* SleepSettingsView.swift */; };
		000000000000000000000038 /* HealthKit.framework in Frameworks */ = {isa = PBXBuildFile; fileRef = 100000000000000000000038 /* HealthKit.framework */; settings = {ATTRIBUTES = (Weak, ); }; };
		000000000000000000000039 /* RecurrencePicker.swift in Sources */ = {isa = PBXBuildFile; fileRef = 100000000000000000000040 /* RecurrencePicker.swift */; };
		000000000000000000000041 /* CompensationRecord.swift in Sources */ = {isa = PBXBuildFile; fileRef = 100000000000000000000041 /* CompensationRecord.swift */; };
		000000000000000000000042 /* CompensationTracker.swift in Sources */ = {isa = PBXBuildFile; fileRef = 100000000000000000000042 /* CompensationTracker.swift */; };
		000000000000000000000043 /* CompensationView.swift in Sources */ = {isa = PBXBuildFile; fileRef = 100000000000000000000043 /* CompensationView.swift */; };
		000000000000000000000044 /* SettingsMenuView.swift in Sources */ = {isa = PBXBuildFile; fileRef = 100000000000000000000044 /* SettingsMenuView.swift */; };
		000000000000000000000045 /* NotificationService.swift in Sources */ = {isa = PBXBuildFile; fileRef = 100000000000000000000045 /* NotificationService.swift */; };
/* End PBXBuildFile section */

/* Begin PBXFileReference section */
		100000000000000000000000 /* Tempo.app */ = {isa = PBXFileReference; explicitFileType = wrapper.application; includeInIndex = 0; path = Tempo.app; sourceTree = BUILT_PRODUCTS_DIR; };
		100000000000000000000001 /* TempoApp.swift */ = {isa = PBXFileReference; lastKnownFileType = sourcecode.swift; path = TempoApp.swift; sourceTree = "<group>"; };
		100000000000000000000002 /* ContentView.swift */ = {isa = PBXFileReference; lastKnownFileType = sourcecode.swift; path = ContentView.swift; sourceTree = "<group>"; };
		100000000000000000000003 /* TaskCategory.swift */ = {isa = PBXFileReference; lastKnownFileType = sourcecode.swift; path = TaskCategory.swift; sourceTree = "<group>"; };
		100000000000000000000004 /* ScheduleItem.swift */ = {isa = PBXFileReference; lastKnownFileType = sourcecode.swift; path = ScheduleItem.swift; sourceTree = "<group>"; };
		100000000000000000000005 /* Change.swift */ = {isa = PBXFileReference; lastKnownFileType = sourcecode.swift; path = Change.swift; sourceTree = "<group>"; };
		100000000000000000000006 /* ReshuffleResult.swift */ = {isa = PBXFileReference; lastKnownFileType = sourcecode.swift; path = ReshuffleResult.swift; sourceTree = "<group>"; };
		100000000000000000000007 /* EveningDecision.swift */ = {isa = PBXFileReference; lastKnownFileType = sourcecode.swift; path = EveningDecision.swift; sourceTree = "<group>"; };
		100000000000000000000008 /* Constants.swift */ = {isa = PBXFileReference; lastKnownFileType = sourcecode.swift; path = Constants.swift; sourceTree = "<group>"; };
		100000000000000000000009 /* DateExtensions.swift */ = {isa = PBXFileReference; lastKnownFileType = sourcecode.swift; path = DateExtensions.swift; sourceTree = "<group>"; };
		100000000000000000000010 /* TimeCalculations.swift */ = {isa = PBXFileReference; lastKnownFileType = sourcecode.swift; path = TimeCalculations.swift; sourceTree = "<group>"; };
		100000000000000000000011 /* ScheduleRepository.swift */ = {isa = PBXFileReference; lastKnownFileType = sourcecode.swift; path = ScheduleRepository.swift; sourceTree = "<group>"; };
		100000000000000000000012 /* SwiftDataScheduleRepository.swift */ = {isa = PBXFileReference; lastKnownFileType = sourcecode.swift; path = SwiftDataScheduleRepository.swift; sourceTree = "<group>"; };
		100000000000000000000013 /* CategoryProcessor.swift */ = {isa = PBXFileReference; lastKnownFileType = sourcecode.swift; path = CategoryProcessor.swift; sourceTree = "<group>"; };
		100000000000000000000014 /* NonNegotiableProcessor.swift */ = {isa = PBXFileReference; lastKnownFileType = sourcecode.swift; path = NonNegotiableProcessor.swift; sourceTree = "<group>"; };
		100000000000000000000015 /* IdentityHabitProcessor.swift */ = {isa = PBXFileReference; lastKnownFileType = sourcecode.swift; path = IdentityHabitProcessor.swift; sourceTree = "<group>"; };
		100000000000000000000016 /* FlexibleTaskProcessor.swift */ = {isa = PBXFileReference; lastKnownFileType = sourcecode.swift; path = FlexibleTaskProcessor.swift; sourceTree = "<group>"; };
		100000000000000000000017 /* OptionalGoalProcessor.swift */ = {isa = PBXFileReference; lastKnownFileType = sourcecode.swift; path = OptionalGoalProcessor.swift; sourceTree = "<group>"; };
		100000000000000000000018 /* OverflowDetector.swift */ = {isa = PBXFileReference; lastKnownFileType = sourcecode.swift; path = OverflowDetector.swift; sourceTree = "<group>"; };
		100000000000000000000019 /* ReshuffleEngine.swift */ = {isa = PBXFileReference; lastKnownFileType = sourcecode.swift; path = ReshuffleEngine.swift; sourceTree = "<group>"; };
		100000000000000000000020 /* EveningProtectionAnalyzer.swift */ = {isa = PBXFileReference; lastKnownFileType = sourcecode.swift; path = EveningProtectionAnalyzer.swift; sourceTree = "<group>"; };
		100000000000000000000021 /* SummaryGenerator.swift */ = {isa = PBXFileReference; lastKnownFileType = sourcecode.swift; path = SummaryGenerator.swift; sourceTree = "<group>"; };
		100000000000000000000022 /* CategoryBadge.swift */ = {isa = PBXFileReference; lastKnownFileType = sourcecode.swift; path = CategoryBadge.swift; sourceTree = "<group>"; };
		100000000000000000000023 /* ConfirmationSheet.swift */ = {isa = PBXFileReference; lastKnownFileType = sourcecode.swift; path = ConfirmationSheet.swift; sourceTree = "<group>"; };
		100000000000000000000026 /* ScheduleView.swift */ = {isa = PBXFileReference; lastKnownFileType = sourcecode.swift; path = ScheduleView.swift; sourceTree = "<group>"; };
		100000000000000000000027 /* CategoryPicker.swift */ = {isa = PBXFileReference; lastKnownFileType = sourcecode.swift; path = CategoryPicker.swift; sourceTree = "<group>"; };
		100000000000000000000028 /* TaskEditView.swift */ = {isa = PBXFileReference; lastKnownFileType = sourcecode.swift; path = TaskEditView.swift; sourceTree = "<group>"; };
		100000000000000000000029 /* ChangeRowView.swift */ = {isa = PBXFileReference; lastKnownFileType = sourcecode.swift; path = ChangeRowView.swift; sourceTree = "<group>"; };
		100000000000000000000030 /* ReshuffleProposalView.swift */ = {isa = PBXFileReference; lastKnownFileType = sourcecode.swift; path = ReshuffleProposalView.swift; sourceTree = "<group>"; };
		100000000000000000000031 /* ScheduleViewModel.swift */ = {isa = PBXFileReference; lastKnownFileType = sourcecode.swift; path = ScheduleViewModel.swift; sourceTree = "<group>"; };
		100000000000000000000032 /* ReshuffleViewModel.swift */ = {isa = PBXFileReference; lastKnownFileType = sourcecode.swift; path = ReshuffleViewModel.swift; sourceTree = "<group>"; };
		100000000000000000000033 /* TaskEditViewModel.swift */ = {isa = PBXFileReference; lastKnownFileType = sourcecode.swift; path = TaskEditViewModel.swift; sourceTree = "<group>"; };
		100000000000000000000034 /* Assets.xcassets */ = {isa = PBXFileReference; lastKnownFileType = folder.assetcatalog; path = Assets.xcassets; sourceTree = "<group>"; };
		100000000000000000000035 /* Preview Assets.xcassets */ = {isa = PBXFileReference; lastKnownFileType = folder.assetcatalog; path = "Preview Assets.xcassets"; sourceTree = "<group>"; };
		100000000000000000000036 /* SleepManager.swift */ = {isa = PBXFileReference; lastKnownFileType = sourcecode.swift; path = SleepManager.swift; sourceTree = "<group>"; };
		100000000000000000000037 /* SleepSettingsView.swift */ = {isa = PBXFileReference; lastKnownFileType = sourcecode.swift; path = SleepSettingsView.swift; sourceTree = "<group>"; };
		100000000000000000000038 /* HealthKit.framework */ = {isa = PBXFileReference; lastKnownFileType = wrapper.framework; name = HealthKit.framework; path = System/Library/Frameworks/HealthKit.framework; sourceTree = SDKROOT; };
		100000000000000000000039 /* Info.plist */ = {isa = PBXFileReference; lastKnownFileType = text.plist.xml; path = Info.plist; sourceTree = "<group>"; };
		100000000000000000000040 /* RecurrencePicker.swift */ = {isa = PBXFileReference; lastKnownFileType = sourcecode.swift; path = RecurrencePicker.swift; sourceTree = "<group>"; };
		100000000000000000000041 /* CompensationRecord.swift */ = {isa = PBXFileReference; lastKnownFileType = sourcecode.swift; path = CompensationRecord.swift; sourceTree = "<group>"; };
		100000000000000000000042 /* CompensationTracker.swift */ = {isa = PBXFileReference; lastKnownFileType = sourcecode.swift; path = CompensationTracker.swift; sourceTree = "<group>"; };
		100000000000000000000043 /* CompensationView.swift */ = {isa = PBXFileReference; lastKnownFileType = sourcecode.swift; path = CompensationView.swift; sourceTree = "<group>"; };
		100000000000000000000044 /* SettingsMenuView.swift */ = {isa = PBXFileReference; lastKnownFileType = sourcecode.swift; path = SettingsMenuView.swift; sourceTree = "<group>"; };
		100000000000000000000045 /* NotificationService.swift */ = {isa = PBXFileReference; lastKnownFileType = sourcecode.swift; path = NotificationService.swift; sourceTree = "<group>"; };
/* End PBXFileReference section */

/* Begin PBXFrameworksBuildPhase section */
		200000000000000000000001 /* Frameworks */ = {
			isa = PBXFrameworksBuildPhase;
			buildActionMask = 2147483647;
			files = (
				000000000000000000000038 /* HealthKit.framework in Frameworks */,
			);
			runOnlyForDeploymentPostprocessing = 0;
		};
/* End PBXFrameworksBuildPhase section */

/* Begin PBXGroup section */
		300000000000000000000001 = {
			isa = PBXGroup;
			children = (
				300000000000000000000002 /* Tempo */,
				300000000000000000000003 /* Products */,
			);
			sourceTree = "<group>";
		};
		300000000000000000000002 /* Tempo */ = {
			isa = PBXGroup;
			children = (
				300000000000000000000004 /* App */,
				300000000000000000000005 /* Models */,
				300000000000000000000006 /* Engine */,
				300000000000000000000007 /* Data */,
				300000000000000000000017 /* Services */,
				300000000000000000000008 /* ViewModels */,
				300000000000000000000009 /* Views */,
				300000000000000000000010 /* Utilities */,
				100000000000000000000034 /* Assets.xcassets */,
				100000000000000000000039 /* Info.plist */,
				300000000000000000000011 /* Preview Content */,
			);
			path = Tempo;
			sourceTree = "<group>";
		};
		300000000000000000000003 /* Products */ = {
			isa = PBXGroup;
			children = (
				100000000000000000000000 /* Tempo.app */,
			);
			name = Products;
			sourceTree = "<group>";
		};
		300000000000000000000004 /* App */ = {
			isa = PBXGroup;
			children = (
				100000000000000000000001 /* TempoApp.swift */,
				100000000000000000000002 /* ContentView.swift */,
			);
			path = App;
			sourceTree = "<group>";
		};
		300000000000000000000005 /* Models */ = {
			isa = PBXGroup;
			children = (
				100000000000000000000003 /* TaskCategory.swift */,
				100000000000000000000004 /* ScheduleItem.swift */,
				100000000000000000000005 /* Change.swift */,
				100000000000000000000006 /* ReshuffleResult.swift */,
				100000000000000000000007 /* EveningDecision.swift */,
				100000000000000000000041 /* CompensationRecord.swift */,
			);
			path = Models;
			sourceTree = "<group>";
		};
		300000000000000000000006 /* Engine */ = {
			isa = PBXGroup;
			children = (
				300000000000000000000012 /* Processors */,
				100000000000000000000018 /* OverflowDetector.swift */,
				100000000000000000000019 /* ReshuffleEngine.swift */,
				100000000000000000000020 /* EveningProtectionAnalyzer.swift */,
				100000000000000000000021 /* SummaryGenerator.swift */,
			);
			path = Engine;
			sourceTree = "<group>";
		};
		300000000000000000000007 /* Data */ = {
			isa = PBXGroup;
			children = (
				100000000000000000000011 /* ScheduleRepository.swift */,
				100000000000000000000012 /* SwiftDataScheduleRepository.swift */,
			);
			path = Data;
			sourceTree = "<group>";
		};
		300000000000000000000008 /* ViewModels */ = {
			isa = PBXGroup;
			children = (
				100000000000000000000031 /* ScheduleViewModel.swift */,
				100000000000000000000032 /* ReshuffleViewModel.swift */,
				100000000000000000000033 /* TaskEditViewModel.swift */,
			);
			path = ViewModels;
			sourceTree = "<group>";
		};
		300000000000000000000009 /* Views */ = {
			isa = PBXGroup;
			children = (
				300000000000000000000013 /* Schedule */,
				300000000000000000000014 /* Reshuffle */,
				300000000000000000000015 /* TaskEdit */,
				300000000000000000000018 /* Settings */,
				300000000000000000000019 /* Compensation */,
				300000000000000000000016 /* Components */,
			);
			path = Views;
			sourceTree = "<group>";
		};
		300000000000000000000010 /* Utilities */ = {
			isa = PBXGroup;
			children = (
				100000000000000000000008 /* Constants.swift */,
				100000000000000000000009 /* DateExtensions.swift */,
				100000000000000000000010 /* TimeCalculations.swift */,
			);
			path = Utilities;
			sourceTree = "<group>";
		};
		300000000000000000000011 /* Preview Content */ = {
			isa = PBXGroup;
			children = (
				100000000000000000000035 /* Preview Assets.xcassets */,
			);
			path = "Preview Content";
			sourceTree = "<group>";
		};
		300000000000000000000012 /* Processors */ = {
			isa = PBXGroup;
			children = (
				100000000000000000000013 /* CategoryProcessor.swift */,
				100000000000000000000014 /* NonNegotiableProcessor.swift */,
				100000000000000000000015 /* IdentityHabitProcessor.swift */,
				100000000000000000000016 /* FlexibleTaskProcessor.swift */,
				100000000000000000000017 /* OptionalGoalProcessor.swift */,
			);
			path = Processors;
			sourceTree = "<group>";
		};
		300000000000000000000013 /* Schedule */ = {
			isa = PBXGroup;
			children = (
				100000000000000000000026 /* ScheduleView.swift */,
			);
			path = Schedule;
			sourceTree = "<group>";
		};
		300000000000000000000014 /* Reshuffle */ = {
			isa = PBXGroup;
			children = (
				100000000000000000000029 /* ChangeRowView.swift */,
				100000000000000000000030 /* ReshuffleProposalView.swift */,
			);
			path = Reshuffle;
			sourceTree = "<group>";
		};
		300000000000000000000015 /* TaskEdit */ = {
			isa = PBXGroup;
			children = (
				100000000000000000000027 /* CategoryPicker.swift */,
				100000000000000000000028 /* TaskEditView.swift */,
				100000000000000000000040 /* RecurrencePicker.swift */,
			);
			path = TaskEdit;
			sourceTree = "<group>";
		};
		300000000000000000000016 /* Components */ = {
			isa = PBXGroup;
			children = (
				100000000000000000000022 /* CategoryBadge.swift */,
				100000000000000000000023 /* ConfirmationSheet.swift */,
			);
			path = Components;
			sourceTree = "<group>";
		};
		300000000000000000000017 /* Services */ = {
			isa = PBXGroup;
			children = (
				100000000000000000000036 /* SleepManager.swift */,
				100000000000000000000042 /* CompensationTracker.swift */,
				100000000000000000000045 /* NotificationService.swift */,
			);
			path = Services;
			sourceTree = "<group>";
		};
		300000000000000000000018 /* Settings */ = {
			isa = PBXGroup;
			children = (
				100000000000000000000037 /* SleepSettingsView.swift */,
				100000000000000000000044 /* SettingsMenuView.swift */,
			);
			path = Settings;
			sourceTree = "<group>";
		};
		300000000000000000000019 /* Compensation */ = {
			isa = PBXGroup;
			children = (
				100000000000000000000043 /* CompensationView.swift */,
			);
			path = Compensation;
			sourceTree = "<group>";
		};
/* End PBXGroup section */

/* Begin PBXNativeTarget section */
		400000000000000000000001 /* Tempo */ = {
			isa = PBXNativeTarget;
			buildConfigurationList = 500000000000000000000003 /* Build configuration list for PBXNativeTarget "Tempo" */;
			buildPhases = (
				400000000000000000000002 /* Sources */,
				200000000000000000000001 /* Frameworks */,
				400000000000000000000003 /* Resources */,
			);
			buildRules = (
			);
			dependencies = (
			);
			name = Tempo;
			productName = Tempo;
			productReference = 100000000000000000000000 /* Tempo.app */;
			productType = "com.apple.product-type.application";
		};
/* End PBXNativeTarget section */

/* Begin PBXProject section */
		600000000000000000000001 /* Project object */ = {
			isa = PBXProject;
			attributes = {
				BuildIndependentTargetsInParallel = 1;
				LastSwiftUpdateCheck = 1500;
				LastUpgradeCheck = 1500;
				TargetAttributes = {
					400000000000000000000001 = {
						CreatedOnToolsVersion = 15.0;
					};
				};
			};
			buildConfigurationList = 500000000000000000000001 /* Build configuration list for PBXProject "Tempo" */;
			compatibilityVersion = "Xcode 14.0";
			developmentRegion = en;
			hasScannedForEncodings = 0;
			knownRegions = (
				en,
				Base,
			);
			mainGroup = 300000000000000000000001;
			productRefGroup = 300000000000000000000003 /* Products */;
			projectDirPath = "";
			projectRoot = "";
			targets = (
				400000000000000000000001 /* Tempo */,
			);
		};
/* End PBXProject section */

/* Begin PBXResourcesBuildPhase section */
		400000000000000000000003 /* Resources */ = {
			isa = PBXResourcesBuildPhase;
			buildActionMask = 2147483647;
			files = (
				000000000000000000000034 /* Assets.xcassets in Resources */,
				000000000000000000000035 /* Preview Assets.xcassets in Resources */,
			);
			runOnlyForDeploymentPostprocessing = 0;
		};
/* End PBXResourcesBuildPhase section */

/* Begin PBXSourcesBuildPhase section */
		400000000000000000000002 /* Sources */ = {
			isa = PBXSourcesBuildPhase;
			buildActionMask = 2147483647;
			files = (
				000000000000000000000001 /* TempoApp.swift in Sources */,
				000000000000000000000002 /* ContentView.swift in Sources */,
				000000000000000000000003 /* TaskCategory.swift in Sources */,
				000000000000000000000004 /* ScheduleItem.swift in Sources */,
				000000000000000000000005 /* Change.swift in Sources */,
				000000000000000000000006 /* ReshuffleResult.swift in Sources */,
				000000000000000000000007 /* EveningDecision.swift in Sources */,
				000000000000000000000008 /* Constants.swift in Sources */,
				000000000000000000000009 /* DateExtensions.swift in Sources */,
				000000000000000000000010 /* TimeCalculations.swift in Sources */,
				000000000000000000000011 /* ScheduleRepository.swift in Sources */,
				000000000000000000000012 /* SwiftDataScheduleRepository.swift in Sources */,
				000000000000000000000013 /* CategoryProcessor.swift in Sources */,
				000000000000000000000014 /* NonNegotiableProcessor.swift in Sources */,
				000000000000000000000015 /* IdentityHabitProcessor.swift in Sources */,
				000000000000000000000016 /* FlexibleTaskProcessor.swift in Sources */,
				000000000000000000000017 /* OptionalGoalProcessor.swift in Sources */,
				000000000000000000000018 /* OverflowDetector.swift in Sources */,
				000000000000000000000019 /* ReshuffleEngine.swift in Sources */,
				000000000000000000000020 /* EveningProtectionAnalyzer.swift in Sources */,
				000000000000000000000021 /* SummaryGenerator.swift in Sources */,
				000000000000000000000022 /* CategoryBadge.swift in Sources */,
				000000000000000000000023 /* ConfirmationSheet.swift in Sources */,
				000000000000000000000024 /* TaskRowView.swift in Sources */,
				000000000000000000000025 /* TimelineView.swift in Sources */,
				000000000000000000000026 /* ScheduleView.swift in Sources */,
				000000000000000000000027 /* CategoryPicker.swift in Sources */,
				000000000000000000000028 /* TaskEditView.swift in Sources */,
				000000000000000000000029 /* ChangeRowView.swift in Sources */,
				000000000000000000000030 /* ReshuffleProposalView.swift in Sources */,
				000000000000000000000031 /* ScheduleViewModel.swift in Sources */,
				000000000000000000000032 /* ReshuffleViewModel.swift in Sources */,
				000000000000000000000033 /* TaskEditViewModel.swift in Sources */,
				000000000000000000000036 /* SleepManager.swift in Sources */,
				000000000000000000000037 /* SleepSettingsView.swift in Sources */,
				000000000000000000000039 /* RecurrencePicker.swift in Sources */,
				000000000000000000000041 /* CompensationRecord.swift in Sources */,
				000000000000000000000042 /* CompensationTracker.swift in Sources */,
				000000000000000000000043 /* CompensationView.swift in Sources */,
				000000000000000000000044 /* SettingsMenuView.swift in Sources */,
				000000000000000000000045 /* NotificationService.swift in Sources */,
			);
			runOnlyForDeploymentPostprocessing = 0;
		};
/* End PBXSourcesBuildPhase section */

/* Begin XCBuildConfiguration section */
		500000000000000000000004 /* Debug */ = {
			isa = XCBuildConfiguration;
			buildSettings = {
				ALWAYS_SEARCH_USER_PATHS = NO;
				ASSETCATALOG_COMPILER_GENERATE_SWIFT_ASSET_SYMBOL_EXTENSIONS = YES;
				CLANG_ANALYZER_NONNULL = YES;
				CLANG_ANALYZER_NUMBER_OBJECT_CONVERSION = YES_AGGRESSIVE;
				CLANG_CXX_LANGUAGE_STANDARD = "gnu++20";
				CLANG_ENABLE_MODULES = YES;
				CLANG_ENABLE_OBJC_ARC = YES;
				CLANG_ENABLE_OBJC_WEAK = YES;
				CLANG_WARN_BLOCK_CAPTURE_AUTORELEASING = YES;
				CLANG_WARN_BOOL_CONVERSION = YES;
				CLANG_WARN_COMMA = YES;
				CLANG_WARN_CONSTANT_CONVERSION = YES;
				CLANG_WARN_DEPRECATED_OBJC_IMPLEMENTATIONS = YES;
				CLANG_WARN_DIRECT_OBJC_ISA_USAGE = YES_ERROR;
				CLANG_WARN_DOCUMENTATION_COMMENTS = YES;
				CLANG_WARN_EMPTY_BODY = YES;
				CLANG_WARN_ENUM_CONVERSION = YES;
				CLANG_WARN_INFINITE_RECURSION = YES;
				CLANG_WARN_INT_CONVERSION = YES;
				CLANG_WARN_NON_LITERAL_NULL_CONVERSION = YES;
				CLANG_WARN_OBJC_IMPLICIT_RETAIN_SELF = YES;
				CLANG_WARN_OBJC_LITERAL_CONVERSION = YES;
				CLANG_WARN_OBJC_ROOT_CLASS = YES_ERROR;
				CLANG_WARN_QUOTED_INCLUDE_IN_FRAMEWORK_HEADER = YES;
				CLANG_WARN_RANGE_LOOP_ANALYSIS = YES;
				CLANG_WARN_STRICT_PROTOTYPES = YES;
				CLANG_WARN_SUSPICIOUS_MOVE = YES;
				CLANG_WARN_UNGUARDED_AVAILABILITY = YES_AGGRESSIVE;
				CLANG_WARN_UNREACHABLE_CODE = YES;
				CLANG_WARN__DUPLICATE_METHOD_MATCH = YES;
				COPY_PHASE_STRIP = NO;
				DEBUG_INFORMATION_FORMAT = dwarf;
				ENABLE_STRICT_OBJC_MSGSEND = YES;
				ENABLE_TESTABILITY = YES;
				ENABLE_USER_SCRIPT_SANDBOXING = YES;
				GCC_C_LANGUAGE_STANDARD = gnu17;
				GCC_DYNAMIC_NO_PIC = NO;
				GCC_NO_COMMON_BLOCKS = YES;
				GCC_OPTIMIZATION_LEVEL = 0;
				GCC_PREPROCESSOR_DEFINITIONS = (
					"DEBUG=1",
					"$(inherited)",
				);
				GCC_WARN_64_TO_32_BIT_CONVERSION = YES;
				GCC_WARN_ABOUT_RETURN_TYPE = YES_ERROR;
				GCC_WARN_UNDECLARED_SELECTOR = YES;
				GCC_WARN_UNINITIALIZED_AUTOS = YES_AGGRESSIVE;
				GCC_WARN_UNUSED_FUNCTION = YES;
				GCC_WARN_UNUSED_VARIABLE = YES;
				IPHONEOS_DEPLOYMENT_TARGET = 17.0;
				LOCALIZATION_PREFERS_STRING_CATALOGS = YES;
				MTL_ENABLE_DEBUG_INFO = INCLUDE_SOURCE;
				MTL_FAST_MATH = YES;
				ONLY_ACTIVE_ARCH = YES;
				SDKROOT = iphoneos;
				SWIFT_ACTIVE_COMPILATION_CONDITIONS = "DEBUG $(inherited)";
				SWIFT_OPTIMIZATION_LEVEL = "-Onone";
			};
			name = Debug;
		};
		500000000000000000000005 /* Release */ = {
			isa = XCBuildConfiguration;
			buildSettings = {
				ALWAYS_SEARCH_USER_PATHS = NO;
				ASSETCATALOG_COMPILER_GENERATE_SWIFT_ASSET_SYMBOL_EXTENSIONS = YES;
				CLANG_ANALYZER_NONNULL = YES;
				CLANG_ANALYZER_NUMBER_OBJECT_CONVERSION = YES_AGGRESSIVE;
				CLANG_CXX_LANGUAGE_STANDARD = "gnu++20";
				CLANG_ENABLE_MODULES = YES;
				CLANG_ENABLE_OBJC_ARC = YES;
				CLANG_ENABLE_OBJC_WEAK = YES;
				CLANG_WARN_BLOCK_CAPTURE_AUTORELEASING = YES;
				CLANG_WARN_BOOL_CONVERSION = YES;
				CLANG_WARN_COMMA = YES;
				CLANG_WARN_CONSTANT_CONVERSION = YES;
				CLANG_WARN_DEPRECATED_OBJC_IMPLEMENTATIONS = YES;
				CLANG_WARN_DIRECT_OBJC_ISA_USAGE = YES_ERROR;
				CLANG_WARN_DOCUMENTATION_COMMENTS = YES;
				CLANG_WARN_EMPTY_BODY = YES;
				CLANG_WARN_ENUM_CONVERSION = YES;
				CLANG_WARN_INFINITE_RECURSION = YES;
				CLANG_WARN_INT_CONVERSION = YES;
				CLANG_WARN_NON_LITERAL_NULL_CONVERSION = YES;
				CLANG_WARN_OBJC_IMPLICIT_RETAIN_SELF = YES;
				CLANG_WARN_OBJC_LITERAL_CONVERSION = YES;
				CLANG_WARN_OBJC_ROOT_CLASS = YES_ERROR;
				CLANG_WARN_QUOTED_INCLUDE_IN_FRAMEWORK_HEADER = YES;
				CLANG_WARN_RANGE_LOOP_ANALYSIS = YES;
				CLANG_WARN_STRICT_PROTOTYPES = YES;
				CLANG_WARN_SUSPICIOUS_MOVE = YES;
				CLANG_WARN_UNGUARDED_AVAILABILITY = YES_AGGRESSIVE;
				CLANG_WARN_UNREACHABLE_CODE = YES;
				CLANG_WARN__DUPLICATE_METHOD_MATCH = YES;
				COPY_PHASE_STRIP = NO;
				DEBUG_INFORMATION_FORMAT = "dwarf-with-dsym";
				ENABLE_NS_ASSERTIONS = NO;
				ENABLE_STRICT_OBJC_MSGSEND = YES;
				ENABLE_USER_SCRIPT_SANDBOXING = YES;
				GCC_C_LANGUAGE_STANDARD = gnu17;
				GCC_NO_COMMON_BLOCKS = YES;
				GCC_WARN_64_TO_32_BIT_CONVERSION = YES;
				GCC_WARN_ABOUT_RETURN_TYPE = YES_ERROR;
				GCC_WARN_UNDECLARED_SELECTOR = YES;
				GCC_WARN_UNINITIALIZED_AUTOS = YES_AGGRESSIVE;
				GCC_WARN_UNUSED_FUNCTION = YES;
				GCC_WARN_UNUSED_VARIABLE = YES;
				IPHONEOS_DEPLOYMENT_TARGET = 17.0;
				LOCALIZATION_PREFERS_STRING_CATALOGS = YES;
				MTL_ENABLE_DEBUG_INFO = NO;
				MTL_FAST_MATH = YES;
				SDKROOT = iphoneos;
				SWIFT_COMPILATION_MODE = wholemodule;
				VALIDATE_PRODUCT = YES;
			};
			name = Release;
		};
		500000000000000000000006 /* Debug */ = {
			isa = XCBuildConfiguration;
			buildSettings = {
				ASSETCATALOG_COMPILER_APPICON_NAME = AppIcon;
				ASSETCATALOG_COMPILER_GLOBAL_ACCENT_COLOR_NAME = AccentColor;
				CODE_SIGN_STYLE = Automatic;
				CURRENT_PROJECT_VERSION = 1;
				DEVELOPMENT_ASSET_PATHS = "\"Tempo/Preview Content\"";
				ENABLE_PREVIEWS = YES;
				GENERATE_INFOPLIST_FILE = YES;
				INFOPLIST_FILE = "Tempo/Info.plist";
				INFOPLIST_KEY_NSHealthShareUsageDescription = "Tempo reads your sleep schedule to avoid scheduling tasks during your rest time.";
				INFOPLIST_KEY_UIApplicationSceneManifest_Generation = YES;
				INFOPLIST_KEY_UIApplicationSupportsIndirectInputEvents = YES;
				INFOPLIST_KEY_UILaunchScreen_Generation = YES;
				INFOPLIST_KEY_UISupportedInterfaceOrientations_iPad = "UIInterfaceOrientationPortrait UIInterfaceOrientationPortraitUpsideDown UIInterfaceOrientationLandscapeLeft UIInterfaceOrientationLandscapeRight";
				INFOPLIST_KEY_UISupportedInterfaceOrientations_iPhone = "UIInterfaceOrientationPortrait UIInterfaceOrientationLandscapeLeft UIInterfaceOrientationLandscapeRight";
				LD_RUNPATH_SEARCH_PATHS = (
					"$(inherited)",
					"@executable_path/Frameworks",
				);
				MARKETING_VERSION = 1.0;
				PRODUCT_BUNDLE_IDENTIFIER = com.tempo.app;
				PRODUCT_NAME = "$(TARGET_NAME)";
				SWIFT_EMIT_LOC_STRINGS = YES;
				SWIFT_VERSION = 5.0;
				TARGETED_DEVICE_FAMILY = "1,2";
			};
			name = Debug;
		};
		500000000000000000000007 /* Release */ = {
			isa = XCBuildConfiguration;
			buildSettings = {
				ASSETCATALOG_COMPILER_APPICON_NAME = AppIcon;
				ASSETCATALOG_COMPILER_GLOBAL_ACCENT_COLOR_NAME = AccentColor;
				CODE_SIGN_STYLE = Automatic;
				CURRENT_PROJECT_VERSION = 1;
				DEVELOPMENT_ASSET_PATHS = "\"Tempo/Preview Content\"";
				ENABLE_PREVIEWS = YES;
				GENERATE_INFOPLIST_FILE = YES;
				INFOPLIST_FILE = "Tempo/Info.plist";
				INFOPLIST_KEY_NSHealthShareUsageDescription = "Tempo reads your sleep schedule to avoid scheduling tasks during your rest time.";
				INFOPLIST_KEY_UIApplicationSceneManifest_Generation = YES;
				INFOPLIST_KEY_UIApplicationSupportsIndirectInputEvents = YES;
				INFOPLIST_KEY_UILaunchScreen_Generation = YES;
				INFOPLIST_KEY_UISupportedInterfaceOrientations_iPad = "UIInterfaceOrientationPortrait UIInterfaceOrientationPortraitUpsideDown UIInterfaceOrientationLandscapeLeft UIInterfaceOrientationLandscapeRight";
				INFOPLIST_KEY_UISupportedInterfaceOrientations_iPhone = "UIInterfaceOrientationPortrait UIInterfaceOrientationLandscapeLeft UIInterfaceOrientationLandscapeRight";
				LD_RUNPATH_SEARCH_PATHS = (
					"$(inherited)",
					"@executable_path/Frameworks",
				);
				MARKETING_VERSION = 1.0;
				PRODUCT_BUNDLE_IDENTIFIER = com.tempo.app;
				PRODUCT_NAME = "$(TARGET_NAME)";
				SWIFT_EMIT_LOC_STRINGS = YES;
				SWIFT_VERSION = 5.0;
				TARGETED_DEVICE_FAMILY = "1,2";
			};
			name = Release;
		};
/* End XCBuildConfiguration section */

/* Begin XCConfigurationList section */
		500000000000000000000001 /* Build configuration list for PBXProject "Tempo" */ = {
			isa = XCConfigurationList;
			buildConfigurations = (
				500000000000000000000004 /* Debug */,
				500000000000000000000005 /* Release */,
			);
			defaultConfigurationIsVisible = 0;
			defaultConfigurationName = Release;
		};
		500000000000000000000003 /* Build configuration list for PBXNativeTarget "Tempo" */ = {
			isa = XCConfigurationList;
			buildConfigurations = (
				500000000000000000000006 /* Debug */,
				500000000000000000000007 /* Release */,
			);
			defaultConfigurationIsVisible = 0;
			defaultConfigurationName = Release;
		};
/* End XCConfigurationList section */
	};
	rootObject = 600000000000000000000001 /* Project object */;
}
