// !$*UTF8*$!
{
	archiveVersion = 1;
	classes = {
	};
	objectVersion = 56;
	objects = {

/* Begin PBXBuildFile section */
		000000000000000000000001 /* TempoApp.swift in Sources */ = {isa = PBXBuildFile; fileRef = 100000000000000000000001 /* TempoApp.swift */; };
		000000000000000000000002 /* ContentView.swift in Sources */ = {isa = PBXBuildFile; fileRef = 100000000000000000000002 /* ContentView.swift */; };
		000000000000000000000003 /* TaskCategory.swift in Sources */ = {isa = PBXBuildFile; fileRef = 100000000000000000000003 /* TaskCategory.swift */; };
		000000000000000000000004 /* ScheduleItem.swift in Sources */ = {isa = PBXBuildFile; fileRef = 100000000000000000000004 /* ScheduleItem.swift */; };
		000000000000000000000005 /* Change.swift in Sources */ = {isa = PBXBuildFile; fileRef = 100000000000000000000005 /* Change.swift */; };
		000000000000000000000006 /* ReshuffleResult.swift in Sources */ = {isa = PBXBuildFile; fileRef = 100000000000000000000006 /* ReshuffleResult.swift */; };
		000000000000000000000008 /* Constants.swift in Sources */ = {isa = PBXBuildFile; fileRef = 100000000000000000000008 /* Constants.swift */; };
		000000000000000000000009 /* DateExtensions.swift in Sources */ = {isa = PBXBuildFile; fileRef = 100000000000000000000009 /* DateExtensions.swift */; };
		000000000000000000000010 /* TimeCalculations.swift in Sources */ = {isa = PBXBuildFile; fileRef = 100000000000000000000010 /* TimeCalculations.swift */; };
		000000000000000000000011 /* ScheduleRepository.swift in Sources */ = {isa = PBXBuildFile; fileRef = 100000000000000000000011 /* ScheduleRepository.swift */; };
		000000000000000000000012 /* SwiftDataScheduleRepository.swift in Sources */ = {isa = PBXBuildFile; fileRef = 100000000000000000000012 /* SwiftDataScheduleRepository.swift */; };
		000000000000000000000013 /* CategoryProcessor.swift in Sources */ = {isa = PBXBuildFile; fileRef = 100000000000000000000013 /* CategoryProcessor.swift */; };
		000000000000000000000014 /* NonNegotiableProcessor.swift in Sources */ = {isa = PBXBuildFile; fileRef = 100000000000000000000014 /* NonNegotiableProcessor.swift */; };
		000000000000000000000015 /* IdentityHabitProcessor.swift in Sources */ = {isa = PBXBuildFile; fileRef = 100000000000000000000015 /* IdentityHabitProcessor.swift */; };
		000000000000000000000016 /* FlexibleTaskProcessor.swift in Sources */ = {isa = PBXBuildFile; fileRef = 100000000000000000000016 /* FlexibleTaskProcessor.swift */; };
		000000000000000000000017 /* OptionalGoalProcessor.swift in Sources */ = {isa = PBXBuildFile; fileRef = 100000000000000000000017 /* OptionalGoalProcessor.swift */; };
		000000000000000000000018 /* OverflowDetector.swift in Sources */ = {isa = PBXBuildFile; fileRef = 100000000000000000000018 /* OverflowDetector.swift */; };
		000000000000000000000019 /* ReshuffleEngine.swift in Sources */ = {isa = PBXBuildFile; fileRef = 100000000000000000000019 /* ReshuffleEngine.swift */; };
		000000000000000000000021 /* SummaryGenerator.swift in Sources */ = {isa = PBXBuildFile; fileRef = 100000000000000000000021 /* SummaryGenerator.swift */; };
		000000000000000000000022 /* CategoryBadge.swift in Sources */ = {isa = PBXBuildFile; fileRef = 100000000000000000000022 /* CategoryBadge.swift */; };
		000000000000000000000023 /* ConfirmationSheet.swift in Sources */ = {isa = PBXBuildFile; fileRef = 100000000000000000000023 /* ConfirmationSheet.swift */; };
		000000000000000000000026 /* ScheduleView.swift in Sources */ = {isa = PBXBuildFile; fileRef = 100000000000000000000026 /* ScheduleView.swift */; };
		000000000000000000000027 /* CategoryPicker.swift in Sources */ = {isa = PBXBuildFile; fileRef = 100000000000000000000027 /* CategoryPicker.swift */; };
		000000000000000000000028 /* TaskEditView.swift in Sources */ = {isa = PBXBuildFile; fileRef = 100000000000000000000028 /* TaskEditView.swift */; };
		000000000000000000000029 /* ChangeRowView.swift in Sources */ = {isa = PBXBuildFile; fileRef = 100000000000000000000029 /* ChangeRowView.swift */; };
		000000000000000000000030 /* ReshuffleProposalView.swift in Sources */ = {isa = PBXBuildFile; fileRef = 100000000000000000000030 /* ReshuffleProposalView.swift */; };
		000000000000000000000031 /* ScheduleViewModel.swift in Sources */ = {isa = PBXBuildFile; fileRef = 100000000000000000000031 /* ScheduleViewModel.swift */; };
		000000000000000000000032 /* ReshuffleViewModel.swift in Sources */ = {isa = PBXBuildFile; fileRef = 100000000000000000000032 /* ReshuffleViewModel.swift */; };
		000000000000000000000033 /* TaskEditViewModel.swift in Sources */ = {isa = PBXBuildFile; fileRef = 100000000000000000000033 /* TaskEditViewModel.swift */; };
		000000000000000000000034 /* Assets.xcassets in Resources */ = {isa = PBXBuildFile; fileRef = 100000000000000000000034 /* Assets.xcassets */; };
		000000000000000000000035 /* Preview Assets.xcassets in Resources */ = {isa = PBXBuildFile; fileRef = 100000000000000000000035 /* Preview Assets.xcassets */; };
		000000000000000000000036 /* SleepManager.swift in Sources */ = {isa = PBXBuildFile; fileRef = 100000000000000000000036 /* SleepManager.swift */; };
		000000000000000000000037 /* SleepSettingsView.swift in Sources */ = {isa = PBXBuildFile; fileRef = 100000000000000000000037 /* SleepSettingsView.swift */; };
		000000000000000000000038 /* HealthKit.framework in Frameworks */ = {isa = PBXBuildFile; fileRef = 100000000000000000000038 /* HealthKit.framework */; settings = {ATTRIBUTES = (Weak, ); }; };
		000000000000000000000039 /* RecurrencePicker.swift in Sources */ = {isa = PBXBuildFile; fileRef = 100000000000000000000040 /* RecurrencePicker.swift */; };
		000000000000000000000041 /* CompensationRecord.swift in Sources */ = {isa = PBXBuildFile; fileRef = 100000000000000000000041 /* CompensationRecord.swift */; };
		000000000000000000000042 /* CompensationTracker.swift in Sources */ = {isa = PBXBuildFile; fileRef = 100000000000000000000042 /* CompensationTracker.swift */; };
		000000000000000000000043 /* CompensationView.swift in Sources */ = {isa = PBXBuildFile; fileRef = 100000000000000000000043 /* CompensationView.swift */; };
		000000000000000000000044 /* SettingsMenuView.swift in Sources */ = {isa = PBXBuildFile; fileRef = 100000000000000000000044 /* SettingsMenuView.swift */; };
		000000000000000000000045 /* NotificationService.swift in Sources */ = {isa = PBXBuildFile; fileRef = 100000000000000000000045 /* NotificationService.swift */; };
		000000000000000000000046 /* RecurrenceFrequency.swift in Sources */ = {isa = PBXBuildFile; fileRef = 100000000000000000000046 /* RecurrenceFrequency.swift */; };
		01BB4002DE04FFFA26353818 /* CriticalScenarioTests.swift in Sources */ = {isa = PBXBuildFile; fileRef = 25D9B54E1041EF2BFB78E78C /* CriticalScenarioTests.swift */; };
		72BA05E070F074D7E3D277A8 /* ProcessorTests.swift in Sources */ = {isa = PBXBuildFile; fileRef = DE35872014EFE6647A0DC12B /* ProcessorTests.swift */; };
		79B448AD2F48D9770092638B /* CalendarImportView.swift in Sources */ = {isa = PBXBuildFile; fileRef = 79B448AC2F48D9770092638B /* CalendarImportView.swift */; };
		79B448B02F48DA520092638B /* CalendarService.swift in Sources */ = {isa = PBXBuildFile; fileRef = 79B448AE2F48DA1B0092638B /* CalendarService.swift */; };
		E131D87D2F497E3F007DB74A /* PrivacyInfo.xcprivacy in Resources */ = {isa = PBXBuildFile; fileRef = E131D87C2F497E3F007DB74A /* PrivacyInfo.xcprivacy */; };
		E9FD94BF54710F2A8F5F6C22 /* Foundation.framework in Frameworks */ = {isa = PBXBuildFile; fileRef = 4B5E52B6C7052E17C8DB4289 /* Foundation.framework */; };
		EF61B8A9B20B29A83DCA5CB1 /* ReshuffleEngineTests.swift in Sources */ = {isa = PBXBuildFile; fileRef = EDD92A9760F6B3C16681DA1E /* ReshuffleEngineTests.swift */; };
		FB8199F254B18929D95D3E19 /* SummaryGeneratorTests.swift in Sources */ = {isa = PBXBuildFile; fileRef = 6E548CA394FD65D86A6152E7 /* SummaryGeneratorTests.swift */; };
/* End PBXBuildFile section */

/* Begin PBXContainerItemProxy section */
		B8897AE856DC7E393E1CEB7B /* PBXContainerItemProxy */ = {
			isa = PBXContainerItemProxy;
			containerPortal = 600000000000000000000001 /* Project object */;
			proxyType = 1;
			remoteGlobalIDString = 400000000000000000000001;
			remoteInfo = Tempo;
		};
/* End PBXContainerItemProxy section */

/* Begin PBXFileReference section */
		100000000000000000000000 /* Tempo.app */ = {isa = PBXFileReference; explicitFileType = wrapper.application; includeInIndex = 0; path = Tempo.app; sourceTree = BUILT_PRODUCTS_DIR; };
		100000000000000000000001 /* TempoApp.swift */ = {isa = PBXFileReference; lastKnownFileType = sourcecode.swift; path = TempoApp.swift; sourceTree = "<group>"; };
		100000000000000000000002 /* ContentView.swift */ = {isa = PBXFileReference; lastKnownFileType = sourcecode.swift; path = ContentView.swift; sourceTree = "<group>"; };
		100000000000000000000003 /* TaskCategory.swift */ = {isa = PBXFileReference; lastKnownFileType = sourcecode.swift; path = TaskCategory.swift; sourceTree = "<group>"; };
		100000000000000000000004 /* ScheduleItem.swift */ = {isa = PBXFileReference; lastKnownFileType = sourcecode.swift; path = ScheduleItem.swift; sourceTree = "<group>"; };
		100000000000000000000005 /* Change.swift */ = {isa = PBXFileReference; lastKnownFileType = sourcecode.swift; path = Change.swift; sourceTree = "<group>"; };
		100000000000000000000006 /* ReshuffleResult.swift */ = {isa = PBXFileReference; lastKnownFileType = sourcecode.swift; path = ReshuffleResult.swift; sourceTree = "<group>"; };
		100000000000000000000008 /* Constants.swift */ = {isa = PBXFileReference; lastKnownFileType = sourcecode.swift; path = Constants.swift; sourceTree = "<group>"; };
		100000000000000000000009 /* DateExtensions.swift */ = {isa = PBXFileReference; lastKnownFileType = sourcecode.swift; path = DateExtensions.swift; sourceTree = "<group>"; };
		100000000000000000000010 /* TimeCalculations.swift */ = {isa = PBXFileReference; lastKnownFileType = sourcecode.swift; path = TimeCalculations.swift; sourceTree = "<group>"; };
		100000000000000000000011 /* ScheduleRepository.swift */ = {isa = PBXFileReference; lastKnownFileType = sourcecode.swift; path = ScheduleRepository.swift; sourceTree = "<group>"; };
		100000000000000000000012 /* SwiftDataScheduleRepository.swift */ = {isa = PBXFileReference; lastKnownFileType = sourcecode.swift; path = SwiftDataScheduleRepository.swift; sourceTree = "<group>"; };
		100000000000000000000013 /* CategoryProcessor.swift */ = {isa = PBXFileReference; lastKnownFileType = sourcecode.swift; path = CategoryProcessor.swift; sourceTree = "<group>"; };
		100000000000000000000014 /* NonNegotiableProcessor.swift */ = {isa = PBXFileReference; lastKnownFileType = sourcecode.swift; path = NonNegotiableProcessor.swift; sourceTree = "<group>"; };
		100000000000000000000015 /* IdentityHabitProcessor.swift */ = {isa = PBXFileReference; lastKnownFileType = sourcecode.swift; path = IdentityHabitProcessor.swift; sourceTree = "<group>"; };
		100000000000000000000016 /* FlexibleTaskProcessor.swift */ = {isa = PBXFileReference; lastKnownFileType = sourcecode.swift; path = FlexibleTaskProcessor.swift; sourceTree = "<group>"; };
		100000000000000000000017 /* OptionalGoalProcessor.swift */ = {isa = PBXFileReference; lastKnownFileType = sourcecode.swift; path = OptionalGoalProcessor.swift; sourceTree = "<group>"; };
		100000000000000000000018 /* OverflowDetector.swift */ = {isa = PBXFileReference; lastKnownFileType = sourcecode.swift; path = OverflowDetector.swift; sourceTree = "<group>"; };
		100000000000000000000019 /* ReshuffleEngine.swift */ = {isa = PBXFileReference; lastKnownFileType = sourcecode.swift; path = ReshuffleEngine.swift; sourceTree = "<group>"; };
		100000000000000000000021 /* SummaryGenerator.swift */ = {isa = PBXFileReference; lastKnownFileType = sourcecode.swift; path = SummaryGenerator.swift; sourceTree = "<group>"; };
		100000000000000000000022 /* CategoryBadge.swift */ = {isa = PBXFileReference; lastKnownFileType = sourcecode.swift; path = CategoryBadge.swift; sourceTree = "<group>"; };
		100000000000000000000023 /* ConfirmationSheet.swift */ = {isa = PBXFileReference; lastKnownFileType = sourcecode.swift; path = ConfirmationSheet.swift; sourceTree = "<group>"; };
		100000000000000000000026 /* ScheduleView.swift */ = {isa = PBXFileReference; lastKnownFileType = sourcecode.swift; path = ScheduleView.swift; sourceTree = "<group>"; };
		100000000000000000000027 /* CategoryPicker.swift */ = {isa = PBXFileReference; lastKnownFileType = sourcecode.swift; path = CategoryPicker.swift; sourceTree = "<group>"; };
		100000000000000000000028 /* TaskEditView.swift */ = {isa = PBXFileReference; lastKnownFileType = sourcecode.swift; path = TaskEditView.swift; sourceTree = "<group>"; };
		100000000000000000000029 /* ChangeRowView.swift */ = {isa = PBXFileReference; lastKnownFileType = sourcecode.swift; path = ChangeRowView.swift; sourceTree = "<group>"; };
		100000000000000000000030 /* ReshuffleProposalView.swift */ = {isa = PBXFileReference; lastKnownFileType = sourcecode.swift; path = ReshuffleProposalView.swift; sourceTree = "<group>"; };
		100000000000000000000031 /* ScheduleViewModel.swift */ = {isa = PBXFileReference; lastKnownFileType = sourcecode.swift; path = ScheduleViewModel.swift; sourceTree = "<group>"; };
		100000000000000000000032 /* ReshuffleViewModel.swift */ = {isa = PBXFileReference; lastKnownFileType = sourcecode.swift; path = ReshuffleViewModel.swift; sourceTree = "<group>"; };
		100000000000000000000033 /* TaskEditViewModel.swift */ = {isa = PBXFileReference; lastKnownFileType = sourcecode.swift; path = TaskEditViewModel.swift; sourceTree = "<group>"; };
		100000000000000000000034 /* Assets.xcassets */ = {isa = PBXFileReference; lastKnownFileType = folder.assetcatalog; path = Assets.xcassets; sourceTree = "<group>"; };
		100000000000000000000035 /* Preview Assets.xcassets */ = {isa = PBXFileReference; lastKnownFileType = folder.assetcatalog; path = "Preview Assets.xcassets"; sourceTree = "<group>"; };
		100000000000000000000036 /* SleepManager.swift */ = {isa = PBXFileReference; lastKnownFileType = sourcecode.swift; path = SleepManager.swift; sourceTree = "<group>"; };
		100000000000000000000037 /* SleepSettingsView.swift */ = {isa = PBXFileReference; lastKnownFileType = sourcecode.swift; path = SleepSettingsView.swift; sourceTree = "<group>"; };
		100000000000000000000038 /* HealthKit.framework */ = {isa = PBXFileReference; lastKnownFileType = wrapper.framework; name = HealthKit.framework; path = System/Library/Frameworks/HealthKit.framework; sourceTree = SDKROOT; };
		100000000000000000000039 /* Info.plist */ = {isa = PBXFileReference; lastKnownFileType = text.plist.xml; path = Info.plist; sourceTree = "<group>"; };
		100000000000000000000040 /* RecurrencePicker.swift */ = {isa = PBXFileReference; lastKnownFileType = sourcecode.swift; path = RecurrencePicker.swift; sourceTree = "<group>"; };
		100000000000000000000041 /* CompensationRecord.swift */ = {isa = PBXFileReference; lastKnownFileType = sourcecode.swift; path = CompensationRecord.swift; sourceTree = "<group>"; };
		100000000000000000000042 /* CompensationTracker.swift */ = {isa = PBXFileReference; lastKnownFileType = sourcecode.swift; path = CompensationTracker.swift; sourceTree = "<group>"; };
		100000000000000000000043 /* CompensationView.swift */ = {isa = PBXFileReference; lastKnownFileType = sourcecode.swift; path = CompensationView.swift; sourceTree = "<group>"; };
		100000000000000000000044 /* SettingsMenuView.swift */ = {isa = PBXFileReference; lastKnownFileType = sourcecode.swift; path = SettingsMenuView.swift; sourceTree = "<group>"; };
		100000000000000000000045 /* NotificationService.swift */ = {isa = PBXFileReference; lastKnownFileType = sourcecode.swift; path = NotificationService.swift; sourceTree = "<group>"; };
		100000000000000000000046 /* RecurrenceFrequency.swift */ = {isa = PBXFileReference; lastKnownFileType = sourcecode.swift; path = RecurrenceFrequency.swift; sourceTree = "<group>"; };
		25D9B54E1041EF2BFB78E78C /* CriticalScenarioTests.swift */ = {isa = PBXFileReference; includeInIndex = 1; lastKnownFileType = sourcecode.swift; path = CriticalScenarioTests.swift; sourceTree = "<group>"; };
		4B5E52B6C7052E17C8DB4289 /* Foundation.framework */ = {isa = PBXFileReference; lastKnownFileType = wrapper.framework; name = Foundation.framework; path = Platforms/iPhoneOS.platform/Developer/SDKs/iPhoneOS18.0.sdk/System/Library/Frameworks/Foundation.framework; sourceTree = DEVELOPER_DIR; };
		6E548CA394FD65D86A6152E7 /* SummaryGeneratorTests.swift */ = {isa = PBXFileReference; includeInIndex = 1; lastKnownFileType = sourcecode.swift; path = SummaryGeneratorTests.swift; sourceTree = "<group>"; };
		79B448AC2F48D9770092638B /* CalendarImportView.swift */ = {isa = PBXFileReference; lastKnownFileType = sourcecode.swift; path = CalendarImportView.swift; sourceTree = "<group>"; };
		79B448AE2F48DA1B0092638B /* CalendarService.swift */ = {isa = PBXFileReference; lastKnownFileType = sourcecode.swift; path = CalendarService.swift; sourceTree = "<group>"; };
		DE35872014EFE6647A0DC12B /* ProcessorTests.swift */ = {isa = PBXFileReference; includeInIndex = 1; lastKnownFileType = sourcecode.swift; path = ProcessorTests.swift; sourceTree = "<group>"; };
		E131D87B2F497D4A007DB74A /* Tempo.entitlements */ = {isa = PBXFileReference; lastKnownFileType = text.plist.entitlements; path = Tempo.entitlements; sourceTree = "<group>"; };
		E131D87C2F497E3F007DB74A /* PrivacyInfo.xcprivacy */ = {isa = PBXFileReference; lastKnownFileType = text.xml; path = PrivacyInfo.xcprivacy; sourceTree = "<group>"; };
		E572C1387B7F71918E542DF9 /* TempoTests.xctest */ = {isa = PBXFileReference; explicitFileType = wrapper.cfbundle; includeInIndex = 0; path = TempoTests.xctest; sourceTree = BUILT_PRODUCTS_DIR; };
		EDD92A9760F6B3C16681DA1E /* ReshuffleEngineTests.swift */ = {isa = PBXFileReference; includeInIndex = 1; lastKnownFileType = sourcecode.swift; path = ReshuffleEngineTests.swift; sourceTree = "<group>"; };
/* End PBXFileReference section */

/* Begin PBXFrameworksBuildPhase section */
		200000000000000000000001 /* Frameworks */ = {
			isa = PBXFrameworksBuildPhase;
			buildActionMask = 2147483647;
			files = (
				000000000000000000000038 /* HealthKit.framework in Frameworks */,
			);
			runOnlyForDeploymentPostprocessing = 0;
		};
		A1B737EB0DDFE41ECCF8874F /* Frameworks */ = {
			isa = PBXFrameworksBuildPhase;
			buildActionMask = 2147483647;
			files = (
				E9FD94BF54710F2A8F5F6C22 /* Foundation.framework in Frameworks */,
			);
			runOnlyForDeploymentPostprocessing = 0;
		};
/* End PBXFrameworksBuildPhase section */

/* Begin PBXGroup section */
		300000000000000000000001 = {
			isa = PBXGroup;
			children = (
				E131D87C2F497E3F007DB74A /* PrivacyInfo.xcprivacy */,
				300000000000000000000002 /* Tempo */,
				300000000000000000000003 /* Products */,
				E180D2A42F338FE0006FC0B0 /* Recovered References */,
				6123CFBB90DC8B4097C93CEF /* Frameworks */,
				51249E57C7F2527C0A3A4E24 /* TempoTests */,
			);
			sourceTree = "<group>";
		};
		300000000000000000000002 /* Tempo */ = {
			isa = PBXGroup;
			children = (
				E131D87B2F497D4A007DB74A /* Tempo.entitlements */,
				300000000000000000000004 /* App */,
				300000000000000000000005 /* Models */,
				300000000000000000000006 /* Engine */,
				300000000000000000000007 /* Data */,
				300000000000000000000017 /* Services */,
				300000000000000000000008 /* ViewModels */,
				300000000000000000000009 /* Views */,
				300000000000000000000010 /* Utilities */,
				100000000000000000000034 /* Assets.xcassets */,
				100000000000000000000039 /* Info.plist */,
				300000000000000000000011 /* Preview Content */,
			);
			path = Tempo;
			sourceTree = "<group>";
		};
		300000000000000000000003 /* Products */ = {
			isa = PBXGroup;
			children = (
				100000000000000000000000 /* Tempo.app */,
				E572C1387B7F71918E542DF9 /* TempoTests.xctest */,
			);
			name = Products;
			sourceTree = "<group>";
		};
		300000000000000000000004 /* App */ = {
			isa = PBXGroup;
			children = (
				100000000000000000000001 /* TempoApp.swift */,
				100000000000000000000002 /* ContentView.swift */,
			);
			path = App;
			sourceTree = "<group>";
		};
		300000000000000000000005 /* Models */ = {
			isa = PBXGroup;
			children = (
				100000000000000000000003 /* TaskCategory.swift */,
				100000000000000000000004 /* ScheduleItem.swift */,
				100000000000000000000005 /* Change.swift */,
				100000000000000000000006 /* ReshuffleResult.swift */,
				100000000000000000000041 /* CompensationRecord.swift */,
				100000000000000000000046 /* RecurrenceFrequency.swift */,
			);
			path = Models;
			sourceTree = "<group>";
		};
		300000000000000000000006 /* Engine */ = {
			isa = PBXGroup;
			children = (
				300000000000000000000012 /* Processors */,
				100000000000000000000018 /* OverflowDetector.swift */,
				100000000000000000000019 /* ReshuffleEngine.swift */,
				100000000000000000000021 /* SummaryGenerator.swift */,
			);
			path = Engine;
			sourceTree = "<group>";
		};
		300000000000000000000007 /* Data */ = {
			isa = PBXGroup;
			children = (
				100000000000000000000011 /* ScheduleRepository.swift */,
				100000000000000000000012 /* SwiftDataScheduleRepository.swift */,
			);
			path = Data;
			sourceTree = "<group>";
		};
		300000000000000000000008 /* ViewModels */ = {
			isa = PBXGroup;
			children = (
				100000000000000000000031 /* ScheduleViewModel.swift */,
				100000000000000000000032 /* ReshuffleViewModel.swift */,
				100000000000000000000033 /* TaskEditViewModel.swift */,
			);
			path = ViewModels;
			sourceTree = "<group>";
		};
		300000000000000000000009 /* Views */ = {
			isa = PBXGroup;
			children = (
				300000000000000000000013 /* Schedule */,
				300000000000000000000014 /* Reshuffle */,
				300000000000000000000015 /* TaskEdit */,
				300000000000000000000018 /* Settings */,
				300000000000000000000019 /* Compensation */,
				300000000000000000000016 /* Components */,
			);
			path = Views;
			sourceTree = "<group>";
		};
		300000000000000000000010 /* Utilities */ = {
			isa = PBXGroup;
			children = (
				100000000000000000000008 /* Constants.swift */,
				100000000000000000000009 /* DateExtensions.swift */,
				100000000000000000000010 /* TimeCalculations.swift */,
			);
			path = Utilities;
			sourceTree = "<group>";
		};
		300000000000000000000011 /* Preview Content */ = {
			isa = PBXGroup;
			children = (
				100000000000000000000035 /* Preview Assets.xcassets */,
			);
			path = "Preview Content";
			sourceTree = "<group>";
		};
		300000000000000000000012 /* Processors */ = {
			isa = PBXGroup;
			children = (
				100000000000000000000013 /* CategoryProcessor.swift */,
				100000000000000000000014 /* NonNegotiableProcessor.swift */,
				100000000000000000000015 /* IdentityHabitProcessor.swift */,
				100000000000000000000016 /* FlexibleTaskProcessor.swift */,
				100000000000000000000017 /* OptionalGoalProcessor.swift */,
			);
			path = Processors;
			sourceTree = "<group>";
		};
		300000000000000000000013 /* Schedule */ = {
			isa = PBXGroup;
			children = (
				100000000000000000000026 /* ScheduleView.swift */,
			);
			path = Schedule;
			sourceTree = "<group>";
		};
		300000000000000000000014 /* Reshuffle */ = {
			isa = PBXGroup;
			children = (
				100000000000000000000029 /* ChangeRowView.swift */,
				100000000000000000000030 /* ReshuffleProposalView.swift */,
			);
			path = Reshuffle;
			sourceTree = "<group>";
		};
		300000000000000000000015 /* TaskEdit */ = {
			isa = PBXGroup;
			children = (
				100000000000000000000027 /* CategoryPicker.swift */,
				100000000000000000000028 /* TaskEditView.swift */,
				100000000000000000000040 /* RecurrencePicker.swift */,
			);
			path = TaskEdit;
			sourceTree = "<group>";
		};
		300000000000000000000016 /* Components */ = {
			isa = PBXGroup;
			children = (
				100000000000000000000022 /* CategoryBadge.swift */,
				100000000000000000000023 /* ConfirmationSheet.swift */,
			);
			path = Components;
			sourceTree = "<group>";
		};
		300000000000000000000017 /* Services */ = {
			isa = PBXGroup;
			children = (
				100000000000000000000036 /* SleepManager.swift */,
				100000000000000000000042 /* CompensationTracker.swift */,
				100000000000000000000045 /* NotificationService.swift */,
				79B448AE2F48DA1B0092638B /* CalendarService.swift */,
			);
			path = Services;
			sourceTree = "<group>";
		};
		300000000000000000000018 /* Settings */ = {
			isa = PBXGroup;
			children = (
				100000000000000000000037 /* SleepSettingsView.swift */,
				100000000000000000000044 /* SettingsMenuView.swift */,
				79B448AC2F48D9770092638B /* CalendarImportView.swift */,
			);
			path = Settings;
			sourceTree = "<group>";
		};
		300000000000000000000019 /* Compensation */ = {
			isa = PBXGroup;
			children = (
				100000000000000000000043 /* CompensationView.swift */,
			);
			path = Compensation;
			sourceTree = "<group>";
		};
		51249E57C7F2527C0A3A4E24 /* TempoTests */ = {
			isa = PBXGroup;
			children = (
				25D9B54E1041EF2BFB78E78C /* CriticalScenarioTests.swift */,
				6E548CA394FD65D86A6152E7 /* SummaryGeneratorTests.swift */,
				EDD92A9760F6B3C16681DA1E /* ReshuffleEngineTests.swift */,
				DE35872014EFE6647A0DC12B /* ProcessorTests.swift */,
			);
			name = TempoTests;
			path = TempoTests;
			sourceTree = "<group>";
		};
		6123CFBB90DC8B4097C93CEF /* Frameworks */ = {
			isa = PBXGroup;
			children = (
				D289E785A8CBE47A97D27631 /* iOS */,
			);
			name = Frameworks;
			sourceTree = "<group>";
		};
		D289E785A8CBE47A97D27631 /* iOS */ = {
			isa = PBXGroup;
			children = (
				4B5E52B6C7052E17C8DB4289 /* Foundation.framework */,
			);
			name = iOS;
			sourceTree = "<group>";
		};
		E180D2A42F338FE0006FC0B0 /* Recovered References */ = {
			isa = PBXGroup;
			children = (
				100000000000000000000038 /* HealthKit.framework */,
			);
			name = "Recovered References";
			sourceTree = "<group>";
		};
/* End PBXGroup section */

/* Begin PBXNativeTarget section */
		400000000000000000000001 /* Tempo */ = {
			isa = PBXNativeTarget;
			buildConfigurationList = 500000000000000000000003 /* Build configuration list for PBXNativeTarget "Tempo" */;
			buildPhases = (
				400000000000000000000002 /* Sources */,
				200000000000000000000001 /* Frameworks */,
				400000000000000000000003 /* Resources */,
			);
			buildRules = (
			);
			dependencies = (
			);
			name = Tempo;
			productName = Tempo;
			productReference = 100000000000000000000000 /* Tempo.app */;
			productType = "com.apple.product-type.application";
		};
		404286255FBC0CE0037EB039 /* TempoTests */ = {
			isa = PBXNativeTarget;
			buildConfigurationList = 5B8BB546024500DFC5BA7BFE /* Build configuration list for PBXNativeTarget "TempoTests" */;
			buildPhases = (
				3DDC332EB90DB63F602F589E /* Sources */,
				A1B737EB0DDFE41ECCF8874F /* Frameworks */,
				9DCC2BE7D6D990E92AD8CAB8 /* Resources */,
			);
			buildRules = (
			);
			dependencies = (
				442A1E94B330AE53BB2EC5AC /* PBXTargetDependency */,
			);
			name = TempoTests;
			productName = TempoTests;
			productReference = E572C1387B7F71918E542DF9 /* TempoTests.xctest */;
			productType = "com.apple.product-type.bundle.unit-test";
		};
/* End PBXNativeTarget section */

/* Begin PBXProject section */
		600000000000000000000001 /* Project object */ = {
			isa = PBXProject;
			attributes = {
				BuildIndependentTargetsInParallel = 1;
				LastSwiftUpdateCheck = 1500;
				LastUpgradeCheck = 1500;
				TargetAttributes = {
					400000000000000000000001 = {
						CreatedOnToolsVersion = 15.0;
					};
				};
			};
			buildConfigurationList = 500000000000000000000001 /* Build configuration list for PBXProject "Tempo" */;
			compatibilityVersion = "Xcode 14.0";
			developmentRegion = en;
			hasScannedForEncodings = 0;
			knownRegions = (
				en,
				Base,
			);
			mainGroup = 300000000000000000000001;
			productRefGroup = 300000000000000000000003 /* Products */;
			projectDirPath = "";
			projectRoot = "";
			targets = (
				400000000000000000000001 /* Tempo */,
				404286255FBC0CE0037EB039 /* TempoTests */,
			);
		};
/* End PBXProject section */

/* Begin PBXResourcesBuildPhase section */
		400000000000000000000003 /* Resources */ = {
			isa = PBXResourcesBuildPhase;
			buildActionMask = 2147483647;
			files = (
				E131D87D2F497E3F007DB74A /* PrivacyInfo.xcprivacy in Resources */,
				000000000000000000000034 /* Assets.xcassets in Resources */,
				000000000000000000000035 /* Preview Assets.xcassets in Resources */,
			);
			runOnlyForDeploymentPostprocessing = 0;
		};
		9DCC2BE7D6D990E92AD8CAB8 /* Resources */ = {
			isa = PBXResourcesBuildPhase;
			buildActionMask = 2147483647;
			files = (
			);
			runOnlyForDeploymentPostprocessing = 0;
		};
/* End PBXResourcesBuildPhase section */

/* Begin PBXSourcesBuildPhase section */
		3DDC332EB90DB63F602F589E /* Sources */ = {
			isa = PBXSourcesBuildPhase;
			buildActionMask = 2147483647;
			files = (
				01BB4002DE04FFFA26353818 /* CriticalScenarioTests.swift in Sources */,
				FB8199F254B18929D95D3E19 /* SummaryGeneratorTests.swift in Sources */,
				EF61B8A9B20B29A83DCA5CB1 /* ReshuffleEngineTests.swift in Sources */,
				72BA05E070F074D7E3D277A8 /* ProcessorTests.swift in Sources */,
			);
			runOnlyForDeploymentPostprocessing = 0;
		};
		400000000000000000000002 /* Sources */ = {
			isa = PBXSourcesBuildPhase;
			buildActionMask = 2147483647;
			files = (
				000000000000000000000001 /* TempoApp.swift in Sources */,
				000000000000000000000002 /* ContentView.swift in Sources */,
				000000000000000000000003 /* TaskCategory.swift in Sources */,
				000000000000000000000004 /* ScheduleItem.swift in Sources */,
				000000000000000000000005 /* Change.swift in Sources */,
				000000000000000000000006 /* ReshuffleResult.swift in Sources */,
				79B448AD2F48D9770092638B /* CalendarImportView.swift in Sources */,
				000000000000000000000008 /* Constants.swift in Sources */,
				000000000000000000000009 /* DateExtensions.swift in Sources */,
				000000000000000000000010 /* TimeCalculations.swift in Sources */,
				000000000000000000000011 /* ScheduleRepository.swift in Sources */,
				000000000000000000000012 /* SwiftDataScheduleRepository.swift in Sources */,
				000000000000000000000013 /* CategoryProcessor.swift in Sources */,
				000000000000000000000014 /* NonNegotiableProcessor.swift in Sources */,
				000000000000000000000015 /* IdentityHabitProcessor.swift in Sources */,
				000000000000000000000016 /* FlexibleTaskProcessor.swift in Sources */,
				000000000000000000000017 /* OptionalGoalProcessor.swift in Sources */,
				000000000000000000000018 /* OverflowDetector.swift in Sources */,
				79B448B02F48DA520092638B /* CalendarService.swift in Sources */,
				000000000000000000000019 /* ReshuffleEngine.swift in Sources */,
				000000000000000000000021 /* SummaryGenerator.swift in Sources */,
				000000000000000000000022 /* CategoryBadge.swift in Sources */,
				000000000000000000000023 /* ConfirmationSheet.swift in Sources */,
				000000000000000000000026 /* ScheduleView.swift in Sources */,
				000000000000000000000027 /* CategoryPicker.swift in Sources */,
				000000000000000000000028 /* TaskEditView.swift in Sources */,
				000000000000000000000029 /* ChangeRowView.swift in Sources */,
				000000000000000000000030 /* ReshuffleProposalView.swift in Sources */,
				000000000000000000000031 /* ScheduleViewModel.swift in Sources */,
				000000000000000000000032 /* ReshuffleViewModel.swift in Sources */,
				000000000000000000000033 /* TaskEditViewModel.swift in Sources */,
				000000000000000000000036 /* SleepManager.swift in Sources */,
				000000000000000000000037 /* SleepSettingsView.swift in Sources */,
				000000000000000000000039 /* RecurrencePicker.swift in Sources */,
				000000000000000000000041 /* CompensationRecord.swift in Sources */,
				000000000000000000000042 /* CompensationTracker.swift in Sources */,
				000000000000000000000043 /* CompensationView.swift in Sources */,
				000000000000000000000044 /* SettingsMenuView.swift in Sources */,
				000000000000000000000045 /* NotificationService.swift in Sources */,
				000000000000000000000046 /* RecurrenceFrequency.swift in Sources */,
			);
			runOnlyForDeploymentPostprocessing = 0;
		};
/* End PBXSourcesBuildPhase section */

/* Begin PBXTargetDependency section */
		442A1E94B330AE53BB2EC5AC /* PBXTargetDependency */ = {
			isa = PBXTargetDependency;
			name = Tempo;
			target = 400000000000000000000001 /* Tempo */;
			targetProxy = B8897AE856DC7E393E1CEB7B /* PBXContainerItemProxy */;
		};
/* End PBXTargetDependency section */

/* Begin XCBuildConfiguration section */
		198038763720CBC74CBF5572 /* Debug */ = {
			isa = XCBuildConfiguration;
			buildSettings = {
				BUNDLE_IDENTIFIER = com.ashishkattamuri.Tempo.Tests;
				BUNDLE_LOADER = "$(TEST_HOST)";
				CLANG_ENABLE_OBJC_WEAK = NO;
				GENERATE_INFOPLIST_FILE = YES;
				IPHONEOS_DEPLOYMENT_TARGET = 17.0;
				PRODUCT_NAME = "$(TARGET_NAME)";
				SDKROOT = iphoneos;
				SWIFT_VERSION = 5.0;
				TEST_HOST = "$(BUILT_PRODUCTS_DIR)/Tempo.app/$(BUNDLE_EXECUTABLE_FOLDER_PATH)/Tempo";
			};
			name = Debug;
		};
		500000000000000000000004 /* Debug */ = {
			isa = XCBuildConfiguration;
			buildSettings = {
				ALWAYS_SEARCH_USER_PATHS = NO;
				ASSETCATALOG_COMPILER_GENERATE_SWIFT_ASSET_SYMBOL_EXTENSIONS = YES;
				CLANG_ANALYZER_NONNULL = YES;
				CLANG_ANALYZER_NUMBER_OBJECT_CONVERSION = YES_AGGRESSIVE;
				CLANG_CXX_LANGUAGE_STANDARD = "gnu++20";
				CLANG_ENABLE_MODULES = YES;
				CLANG_ENABLE_OBJC_ARC = YES;
				CLANG_ENABLE_OBJC_WEAK = YES;
				CLANG_WARN_BLOCK_CAPTURE_AUTORELEASING = YES;
				CLANG_WARN_BOOL_CONVERSION = YES;
				CLANG_WARN_COMMA = YES;
				CLANG_WARN_CONSTANT_CONVERSION = YES;
				CLANG_WARN_DEPRECATED_OBJC_IMPLEMENTATIONS = YES;
				CLANG_WARN_DIRECT_OBJC_ISA_USAGE = YES_ERROR;
				CLANG_WARN_DOCUMENTATION_COMMENTS = YES;
				CLANG_WARN_EMPTY_BODY = YES;
				CLANG_WARN_ENUM_CONVERSION = YES;
				CLANG_WARN_INFINITE_RECURSION = YES;
				CLANG_WARN_INT_CONVERSION = YES;
				CLANG_WARN_NON_LITERAL_NULL_CONVERSION = YES;
				CLANG_WARN_OBJC_IMPLICIT_RETAIN_SELF = YES;
				CLANG_WARN_OBJC_LITERAL_CONVERSION = YES;
				CLANG_WARN_OBJC_ROOT_CLASS = YES_ERROR;
				CLANG_WARN_QUOTED_INCLUDE_IN_FRAMEWORK_HEADER = YES;
				CLANG_WARN_RANGE_LOOP_ANALYSIS = YES;
				CLANG_WARN_STRICT_PROTOTYPES = YES;
				CLANG_WARN_SUSPICIOUS_MOVE = YES;
				CLANG_WARN_UNGUARDED_AVAILABILITY = YES_AGGRESSIVE;
				CLANG_WARN_UNREACHABLE_CODE = YES;
				CLANG_WARN__DUPLICATE_METHOD_MATCH = YES;
				COPY_PHASE_STRIP = NO;
				DEBUG_INFORMATION_FORMAT = dwarf;
				ENABLE_STRICT_OBJC_MSGSEND = YES;
				ENABLE_TESTABILITY = YES;
				ENABLE_USER_SCRIPT_SANDBOXING = YES;
				GCC_C_LANGUAGE_STANDARD = gnu17;
				GCC_DYNAMIC_NO_PIC = NO;
				GCC_NO_COMMON_BLOCKS = YES;
				GCC_OPTIMIZATION_LEVEL = 0;
				GCC_PREPROCESSOR_DEFINITIONS = (
					"DEBUG=1",
					"$(inherited)",
				);
				GCC_WARN_64_TO_32_BIT_CONVERSION = YES;
				GCC_WARN_ABOUT_RETURN_TYPE = YES_ERROR;
				GCC_WARN_UNDECLARED_SELECTOR = YES;
				GCC_WARN_UNINITIALIZED_AUTOS = YES_AGGRESSIVE;
				GCC_WARN_UNUSED_FUNCTION = YES;
				GCC_WARN_UNUSED_VARIABLE = YES;
				IPHONEOS_DEPLOYMENT_TARGET = 17.0;
				LOCALIZATION_PREFERS_STRING_CATALOGS = YES;
				MTL_ENABLE_DEBUG_INFO = INCLUDE_SOURCE;
				MTL_FAST_MATH = YES;
				ONLY_ACTIVE_ARCH = YES;
				SDKROOT = iphoneos;
				SWIFT_ACTIVE_COMPILATION_CONDITIONS = "DEBUG $(inherited)";
				SWIFT_OPTIMIZATION_LEVEL = "-Onone";
			};
			name = Debug;
		};
		500000000000000000000005 /* Release */ = {
			isa = XCBuildConfiguration;
			buildSettings = {
				ALWAYS_SEARCH_USER_PATHS = NO;
				ASSETCATALOG_COMPILER_GENERATE_SWIFT_ASSET_SYMBOL_EXTENSIONS = YES;
				CLANG_ANALYZER_NONNULL = YES;
				CLANG_ANALYZER_NUMBER_OBJECT_CONVERSION = YES_AGGRESSIVE;
				CLANG_CXX_LANGUAGE_STANDARD = "gnu++20";
				CLANG_ENABLE_MODULES = YES;
				CLANG_ENABLE_OBJC_ARC = YES;
				CLANG_ENABLE_OBJC_WEAK = YES;
				CLANG_WARN_BLOCK_CAPTURE_AUTORELEASING = YES;
				CLANG_WARN_BOOL_CONVERSION = YES;
				CLANG_WARN_COMMA = YES;
				CLANG_WARN_CONSTANT_CONVERSION = YES;
				CLANG_WARN_DEPRECATED_OBJC_IMPLEMENTATIONS = YES;
				CLANG_WARN_DIRECT_OBJC_ISA_USAGE = YES_ERROR;
				CLANG_WARN_DOCUMENTATION_COMMENTS = YES;
				CLANG_WARN_EMPTY_BODY = YES;
				CLANG_WARN_ENUM_CONVERSION = YES;
				CLANG_WARN_INFINITE_RECURSION = YES;
				CLANG_WARN_INT_CONVERSION = YES;
				CLANG_WARN_NON_LITERAL_NULL_CONVERSION = YES;
				CLANG_WARN_OBJC_IMPLICIT_RETAIN_SELF = YES;
				CLANG_WARN_OBJC_LITERAL_CONVERSION = YES;
				CLANG_WARN_OBJC_ROOT_CLASS = YES_ERROR;
				CLANG_WARN_QUOTED_INCLUDE_IN_FRAMEWORK_HEADER = YES;
				CLANG_WARN_RANGE_LOOP_ANALYSIS = YES;
				CLANG_WARN_STRICT_PROTOTYPES = YES;
				CLANG_WARN_SUSPICIOUS_MOVE = YES;
				CLANG_WARN_UNGUARDED_AVAILABILITY = YES_AGGRESSIVE;
				CLANG_WARN_UNREACHABLE_CODE = YES;
				CLANG_WARN__DUPLICATE_METHOD_MATCH = YES;
				COPY_PHASE_STRIP = NO;
				DEBUG_INFORMATION_FORMAT = "dwarf-with-dsym";
				ENABLE_NS_ASSERTIONS = NO;
				ENABLE_STRICT_OBJC_MSGSEND = YES;
				ENABLE_USER_SCRIPT_SANDBOXING = YES;
				GCC_C_LANGUAGE_STANDARD = gnu17;
				GCC_NO_COMMON_BLOCKS = YES;
				GCC_WARN_64_TO_32_BIT_CONVERSION = YES;
				GCC_WARN_ABOUT_RETURN_TYPE = YES_ERROR;
				GCC_WARN_UNDECLARED_SELECTOR = YES;
				GCC_WARN_UNINITIALIZED_AUTOS = YES_AGGRESSIVE;
				GCC_WARN_UNUSED_FUNCTION = YES;
				GCC_WARN_UNUSED_VARIABLE = YES;
				IPHONEOS_DEPLOYMENT_TARGET = 17.0;
				LOCALIZATION_PREFERS_STRING_CATALOGS = YES;
				MTL_ENABLE_DEBUG_INFO = NO;
				MTL_FAST_MATH = YES;
				SDKROOT = iphoneos;
				SWIFT_COMPILATION_MODE = wholemodule;
				VALIDATE_PRODUCT = YES;
			};
			name = Release;
		};
		500000000000000000000006 /* Debug */ = {
			isa = XCBuildConfiguration;
			buildSettings = {
				ASSETCATALOG_COMPILER_APPICON_NAME = AppIcon;
				ASSETCATALOG_COMPILER_GLOBAL_ACCENT_COLOR_NAME = AccentColor;
				CODE_SIGN_ENTITLEMENTS = Tempo/Tempo.entitlements;
				CODE_SIGN_STYLE = Automatic;
				CURRENT_PROJECT_VERSION = 2;
				DEVELOPMENT_ASSET_PATHS = "\"Tempo/Preview Content\"";
				DEVELOPMENT_TEAM = KTK23627V8;
				ENABLE_PREVIEWS = YES;
				GENERATE_INFOPLIST_FILE = YES;
				INFOPLIST_FILE = Tempo/Info.plist;
				INFOPLIST_KEY_NSHealthShareUsageDescription = "Tempo reads your sleep schedule to avoid scheduling tasks during your rest time.";
				INFOPLIST_KEY_UIApplicationSceneManifest_Generation = YES;
				INFOPLIST_KEY_UIApplicationSupportsIndirectInputEvents = YES;
				INFOPLIST_KEY_UILaunchScreen_Generation = YES;
				INFOPLIST_KEY_UISupportedInterfaceOrientations_iPad = "UIInterfaceOrientationPortrait UIInterfaceOrientationPortraitUpsideDown UIInterfaceOrientationLandscapeLeft UIInterfaceOrientationLandscapeRight";
				INFOPLIST_KEY_UISupportedInterfaceOrientations_iPhone = "UIInterfaceOrientationPortrait UIInterfaceOrientationLandscapeLeft UIInterfaceOrientationLandscapeRight";
				LD_RUNPATH_SEARCH_PATHS = (
					"$(inherited)",
					"@executable_path/Frameworks",
				);
				MARKETING_VERSION = 1.0;
				PRODUCT_BUNDLE_IDENTIFIER = com.scheduler.tempo;
				PRODUCT_NAME = "$(TARGET_NAME)";
				SWIFT_EMIT_LOC_STRINGS = YES;
				SWIFT_VERSION = 5.0;
				TARGETED_DEVICE_FAMILY = "1,2";
			};
			name = Debug;
		};
		500000000000000000000007 /* Release */ = {
			isa = XCBuildConfiguration;
			buildSettings = {
				ASSETCATALOG_COMPILER_APPICON_NAME = AppIcon;
				ASSETCATALOG_COMPILER_GLOBAL_ACCENT_COLOR_NAME = AccentColor;
				CODE_SIGN_ENTITLEMENTS = Tempo/Tempo.entitlements;
				CODE_SIGN_STYLE = Automatic;
				CURRENT_PROJECT_VERSION = 2;
				DEVELOPMENT_ASSET_PATHS = "\"Tempo/Preview Content\"";
				DEVELOPMENT_TEAM = KTK23627V8;
				ENABLE_PREVIEWS = YES;
				GENERATE_INFOPLIST_FILE = YES;
				INFOPLIST_FILE = Tempo/Info.plist;
				INFOPLIST_KEY_NSHealthShareUsageDescription = "Tempo reads your sleep schedule to avoid scheduling tasks during your rest time.";
				INFOPLIST_KEY_UIApplicationSceneManifest_Generation = YES;
				INFOPLIST_KEY_UIApplicationSupportsIndirectInputEvents = YES;
				INFOPLIST_KEY_UILaunchScreen_Generation = YES;
				INFOPLIST_KEY_UISupportedInterfaceOrientations_iPad = "UIInterfaceOrientationPortrait UIInterfaceOrientationPortraitUpsideDown UIInterfaceOrientationLandscapeLeft UIInterfaceOrientationLandscapeRight";
				INFOPLIST_KEY_UISupportedInterfaceOrientations_iPhone = "UIInterfaceOrientationPortrait UIInterfaceOrientationLandscapeLeft UIInterfaceOrientationLandscapeRight";
				LD_RUNPATH_SEARCH_PATHS = (
					"$(inherited)",
					"@executable_path/Frameworks",
				);
				MARKETING_VERSION = 1.0;
				PRODUCT_BUNDLE_IDENTIFIER = com.scheduler.tempo;
				PRODUCT_NAME = "$(TARGET_NAME)";
				SWIFT_EMIT_LOC_STRINGS = YES;
				SWIFT_VERSION = 5.0;
				TARGETED_DEVICE_FAMILY = "1,2";
			};
			name = Release;
		};
		8DBB685D159F9ECBFF4EBBCC /* Release */ = {
			isa = XCBuildConfiguration;
			buildSettings = {
				BUNDLE_IDENTIFIER = com.ashishkattamuri.Tempo.Tests;
				BUNDLE_LOADER = "$(TEST_HOST)";
				CLANG_ENABLE_OBJC_WEAK = NO;
				GENERATE_INFOPLIST_FILE = YES;
				IPHONEOS_DEPLOYMENT_TARGET = 17.0;
				PRODUCT_NAME = "$(TARGET_NAME)";
				SDKROOT = iphoneos;
				SWIFT_VERSION = 5.0;
				TEST_HOST = "$(BUILT_PRODUCTS_DIR)/Tempo.app/$(BUNDLE_EXECUTABLE_FOLDER_PATH)/Tempo";
				VALIDATE_PRODUCT = YES;
			};
			name = Release;
		};
/* End XCBuildConfiguration section */

/* Begin XCConfigurationList section */
		500000000000000000000001 /* Build configuration list for PBXProject "Tempo" */ = {
			isa = XCConfigurationList;
			buildConfigurations = (
				500000000000000000000004 /* Debug */,
				500000000000000000000005 /* Release */,
			);
			defaultConfigurationIsVisible = 0;
			defaultConfigurationName = Release;
		};
		500000000000000000000003 /* Build configuration list for PBXNativeTarget "Tempo" */ = {
			isa = XCConfigurationList;
			buildConfigurations = (
				500000000000000000000006 /* Debug */,
				500000000000000000000007 /* Release */,
			);
			defaultConfigurationIsVisible = 0;
			defaultConfigurationName = Release;
		};
		5B8BB546024500DFC5BA7BFE /* Build configuration list for PBXNativeTarget "TempoTests" */ = {
			isa = XCConfigurationList;
			buildConfigurations = (
				8DBB685D159F9ECBFF4EBBCC /* Release */,
				198038763720CBC74CBF5572 /* Debug */,
			);
			defaultConfigurationIsVisible = 0;
			defaultConfigurationName = Release;
		};
/* End XCConfigurationList section */
	};
	rootObject = 600000000000000000000001 /* Project object */;
}
